
Microsoft Visual Studio Solution File, Format Version 12.00
# Visual Studio Version 16
VisualStudioVersion = 16.0.31613.86
MinimumVisualStudioVersion = 10.0.40219.1
Project("{8BC9CEB8-8B4A-11D0-8D11-00A0C91BC942}") = "动态规划_day1", "动态规划_day1.vcxproj", "{7CFCC47B-F4CE-428C-897F-56499F9E01DC}"
EndProject
Global
	GlobalSection(SolutionConfigurationPlatforms) = preSolution
		Debug|x64 = Debug|x64
		Debug|x86 = Debug|x86
		Release|x64 = Release|x64
		Release|x86 = Release|x86
	EndGlobalSection
	GlobalSection(ProjectConfigurationPlatforms) = postSolution
		{7CFCC47B-F4CE-428C-897F-56499F9E01DC}.Debug|x64.ActiveCfg = Debug|x64
		{7CFCC47B-F4CE-428C-897F-56499F9E01DC}.Debug|x64.Build.0 = Debug|x64
		{7CFCC47B-F4CE-428C-897F-56499F9E01DC}.Debug|x86.ActiveCfg = Debug|Win32
		{7CFCC47B-F4CE-428C-897F-56499F9E01DC}.Debug|x86.Build.0 = Debug|Win32
		{7CFCC47B-F4CE-428C-897F-56499F9E01DC}.Release|x64.ActiveCfg = Release|x64
		{7CFCC47B-F4CE-428C-897F-56499F9E01DC}.Release|x64.Build.0 = Release|x64
		{7CFCC47B-F4CE-428C-897F-56499F9E01DC}.Release|x86.ActiveCfg = Release|Win32
		{7CFCC47B-F4CE-428C-897F-56499F9E01DC}.Release|x86.Build.0 = Release|Win32
	EndGlobalSection
	GlobalSection(SolutionProperties) = preSolution
		HideSolutionNode = FALSE
	EndGlobalSection
	GlobalSection(ExtensibilityGlobals) = postSolution
		SolutionGuid = {3CC17488-2DD9-472E-A0C1-4A908B93B119}
	EndGlobalSection
EndGlobal
