
Microsoft Visual Studio Solution File, Format Version 12.00
# Visual Studio Version 16
VisualStudioVersion = 16.0.31105.61
MinimumVisualStudioVersion = 10.0.40219.1
Project("{8BC9CEB8-8B4A-11D0-8D11-00A0C91BC942}") = "Heap", "Heap.vcxproj", "{AD392F47-D492-4BF7-8D03-49D27DD39BE1}"
EndProject
Global
	GlobalSection(SolutionConfigurationPlatforms) = preSolution
		Debug|x64 = Debug|x64
		Debug|x86 = Debug|x86
		Release|x64 = Release|x64
		Release|x86 = Release|x86
	EndGlobalSection
	GlobalSection(ProjectConfigurationPlatforms) = postSolution
		{AD392F47-D492-4BF7-8D03-49D27DD39BE1}.Debug|x64.ActiveCfg = Debug|x64
		{AD392F47-D492-4BF7-8D03-49D27DD39BE1}.Debug|x64.Build.0 = Debug|x64
		{AD392F47-D492-4BF7-8D03-49D27DD39BE1}.Debug|x86.ActiveCfg = Debug|Win32
		{AD392F47-D492-4BF7-8D03-49D27DD39BE1}.Debug|x86.Build.0 = Debug|Win32
		{AD392F47-D492-4BF7-8D03-49D27DD39BE1}.Release|x64.ActiveCfg = Release|x64
		{AD392F47-D492-4BF7-8D03-49D27DD39BE1}.Release|x64.Build.0 = Release|x64
		{AD392F47-D492-4BF7-8D03-49D27DD39BE1}.Release|x86.ActiveCfg = Release|Win32
		{AD392F47-D492-4BF7-8D03-49D27DD39BE1}.Release|x86.Build.0 = Release|Win32
	EndGlobalSection
	GlobalSection(SolutionProperties) = preSolution
		HideSolutionNode = FALSE
	EndGlobalSection
	GlobalSection(ExtensibilityGlobals) = postSolution
		SolutionGuid = {77C84FA5-1CB8-41A8-BF82-036F9C5F3012}
	EndGlobalSection
EndGlobal
