
Microsoft Visual Studio Solution File, Format Version 12.00
# Visual Studio Version 16
VisualStudioVersion = 16.0.31410.357
MinimumVisualStudioVersion = 10.0.40219.1
Project("{8BC9CEB8-8B4A-11D0-8D11-00A0C91BC942}") = "c++_Hash", "c++_Hash.vcxproj", "{82F5632B-67EB-41B9-B574-C2E13F505DE1}"
EndProject
Global
	GlobalSection(SolutionConfigurationPlatforms) = preSolution
		Debug|x64 = Debug|x64
		Debug|x86 = Debug|x86
		Release|x64 = Release|x64
		Release|x86 = Release|x86
	EndGlobalSection
	GlobalSection(ProjectConfigurationPlatforms) = postSolution
		{82F5632B-67EB-41B9-B574-C2E13F505DE1}.Debug|x64.ActiveCfg = Debug|x64
		{82F5632B-67EB-41B9-B574-C2E13F505DE1}.Debug|x64.Build.0 = Debug|x64
		{82F5632B-67EB-41B9-B574-C2E13F505DE1}.Debug|x86.ActiveCfg = Debug|Win32
		{82F5632B-67EB-41B9-B574-C2E13F505DE1}.Debug|x86.Build.0 = Debug|Win32
		{82F5632B-67EB-41B9-B574-C2E13F505DE1}.Release|x64.ActiveCfg = Release|x64
		{82F5632B-67EB-41B9-B574-C2E13F505DE1}.Release|x64.Build.0 = Release|x64
		{82F5632B-67EB-41B9-B574-C2E13F505DE1}.Release|x86.ActiveCfg = Release|Win32
		{82F5632B-67EB-41B9-B574-C2E13F505DE1}.Release|x86.Build.0 = Release|Win32
	EndGlobalSection
	GlobalSection(SolutionProperties) = preSolution
		HideSolutionNode = FALSE
	EndGlobalSection
	GlobalSection(ExtensibilityGlobals) = postSolution
		SolutionGuid = {3FAC7CE4-AC8C-4304-BAFA-619A52EBA40E}
	EndGlobalSection
EndGlobal
