
Microsoft Visual Studio Solution File, Format Version 12.00
# Visual Studio Version 16
VisualStudioVersion = 16.0.31410.357
MinimumVisualStudioVersion = 10.0.40219.1
Project("{8BC9CEB8-8B4A-11D0-8D11-00A0C91BC942}") = "c++_异常", "c++_异常.vcxproj", "{F46BA027-D763-45BF-BF17-3CDC20203991}"
EndProject
Global
	GlobalSection(SolutionConfigurationPlatforms) = preSolution
		Debug|x64 = Debug|x64
		Debug|x86 = Debug|x86
		Release|x64 = Release|x64
		Release|x86 = Release|x86
	EndGlobalSection
	GlobalSection(ProjectConfigurationPlatforms) = postSolution
		{F46BA027-D763-45BF-BF17-3CDC20203991}.Debug|x64.ActiveCfg = Debug|x64
		{F46BA027-D763-45BF-BF17-3CDC20203991}.Debug|x64.Build.0 = Debug|x64
		{F46BA027-D763-45BF-BF17-3CDC20203991}.Debug|x86.ActiveCfg = Debug|Win32
		{F46BA027-D763-45BF-BF17-3CDC20203991}.Debug|x86.Build.0 = Debug|Win32
		{F46BA027-D763-45BF-BF17-3CDC20203991}.Release|x64.ActiveCfg = Release|x64
		{F46BA027-D763-45BF-BF17-3CDC20203991}.Release|x64.Build.0 = Release|x64
		{F46BA027-D763-45BF-BF17-3CDC20203991}.Release|x86.ActiveCfg = Release|Win32
		{F46BA027-D763-45BF-BF17-3CDC20203991}.Release|x86.Build.0 = Release|Win32
	EndGlobalSection
	GlobalSection(SolutionProperties) = preSolution
		HideSolutionNode = FALSE
	EndGlobalSection
	GlobalSection(ExtensibilityGlobals) = postSolution
		SolutionGuid = {52180848-DD54-481A-83BE-CED119963A68}
	EndGlobalSection
EndGlobal
